
Microsoft Visual Studio Solution File, Format Version 11.00
# Visual Studio 2010
Project("{FAE04EC0-301F-11D3-BF4B-00C04F79EFBC}") = "ArtifactsRider", "ArtifactsRider\ArtifactsRider\ArtifactsRider.csproj", "{2DCDE441-1E5B-4A22-A83B-02CF7AF0808C}"
EndProject
Project("{96E2B04D-8817-42C6-938A-82C39BA4D311}") = "ArtifactsRiderContent", "ArtifactsRider\ArtifactsRiderContent\ArtifactsRiderContent.contentproj", "{054CEC9A-FF54-42CA-B886-D35F034ABFE6}"
EndProject
Global
	GlobalSection(SolutionConfigurationPlatforms) = preSolution
		Debug|x86 = Debug|x86
		Release|x86 = Release|x86
	EndGlobalSection
	GlobalSection(ProjectConfigurationPlatforms) = postSolution
		{2DCDE441-1E5B-4A22-A83B-02CF7AF0808C}.Debug|x86.ActiveCfg = Debug|x86
		{2DCDE441-1E5B-4A22-A83B-02CF7AF0808C}.Debug|x86.Build.0 = Debug|x86
		{2DCDE441-1E5B-4A22-A83B-02CF7AF0808C}.Release|x86.ActiveCfg = Release|x86
		{2DCDE441-1E5B-4A22-A83B-02CF7AF0808C}.Release|x86.Build.0 = Release|x86
		{054CEC9A-FF54-42CA-B886-D35F034ABFE6}.Debug|x86.ActiveCfg = Debug|x86
		{054CEC9A-FF54-42CA-B886-D35F034ABFE6}.Release|x86.ActiveCfg = Release|x86
	EndGlobalSection
	GlobalSection(SolutionProperties) = preSolution
		HideSolutionNode = FALSE
	EndGlobalSection
EndGlobal
